
Microsoft Visual Studio Solution File, Format Version 12.00
# Visual Studio 15
Project("{FAE04EC0-301F-11D3-BF4B-00C04F79EFBC}") = "Assembly-CSharp", "Assembly-CSharp.csproj", "{7E9DBAA5-2F09-80B6-93A7-4DAD2A4E5C9D}"
EndProject
Project("{FAE04EC0-301F-11D3-BF4B-00C04F79EFBC}") = "Assembly-CSharp-Editor", "Assembly-CSharp-Editor.csproj", "{EA6D142F-DCE5-1101-7591-E6908D320367}"
EndProject
Global
	GlobalSection(SolutionConfigurationPlatforms) = preSolution
		Debug|Any CPU = Debug|Any CPU
		Release|Any CPU = Release|Any CPU
	EndGlobalSection
	GlobalSection(ProjectConfigurationPlatforms) = postSolution
		{7E9DBAA5-2F09-80B6-93A7-4DAD2A4E5C9D}.Debug|Any CPU.ActiveCfg = Debug|Any CPU
		{7E9DBAA5-2F09-80B6-93A7-4DAD2A4E5C9D}.Debug|Any CPU.Build.0 = Debug|Any CPU
		{7E9DBAA5-2F09-80B6-93A7-4DAD2A4E5C9D}.Release|Any CPU.ActiveCfg = Release|Any CPU
		{7E9DBAA5-2F09-80B6-93A7-4DAD2A4E5C9D}.Release|Any CPU.Build.0 = Release|Any CPU
		{EA6D142F-DCE5-1101-7591-E6908D320367}.Debug|Any CPU.ActiveCfg = Debug|Any CPU
		{EA6D142F-DCE5-1101-7591-E6908D320367}.Debug|Any CPU.Build.0 = Debug|Any CPU
		{EA6D142F-DCE5-1101-7591-E6908D320367}.Release|Any CPU.ActiveCfg = Release|Any CPU
		{EA6D142F-DCE5-1101-7591-E6908D320367}.Release|Any CPU.Build.0 = Release|Any CPU
	EndGlobalSection
	GlobalSection(SolutionProperties) = preSolution
		HideSolutionNode = FALSE
	EndGlobalSection
EndGlobal
